// !$*UTF8*$!
{
	archiveVersion = 1;
	classes = {
	};
	objectVersion = 56;
	objects = {

/* Begin PBXBuildFile section */
		2524B9AE298845C2005999D0 /* FirebaseFirestore in Frameworks */ = {isa = PBXBuildFile; productRef = 2524B9AD298845C2005999D0 /* FirebaseFirestore */; };
		2524B9B0298845C2005999D0 /* FirebaseFirestoreSwift in Frameworks */ = {isa = PBXBuildFile; productRef = 2524B9AF298845C2005999D0 /* FirebaseFirestoreSwift */; };
		2524B9B2298845C2005999D0 /* FirebaseStorage in Frameworks */ = {isa = PBXBuildFile; productRef = 2524B9B1298845C2005999D0 /* FirebaseStorage */; };
		2524B9B4298963BD005999D0 /* User.swift in Sources */ = {isa = PBXBuildFile; fileRef = 2524B9B3298963BD005999D0 /* User.swift */; };
		2524B9B6298C3B61005999D0 /* LoadingView.swift in Sources */ = {isa = PBXBuildFile; fileRef = 2524B9B5298C3B60005999D0 /* LoadingView.swift */; };
		2524B9BA298D824D005999D0 /* RegisterView.swift in Sources */ = {isa = PBXBuildFile; fileRef = 2524B9B9298D824D005999D0 /* RegisterView.swift */; };
		2524B9BD298D8450005999D0 /* View+Extensions.swift in Sources */ = {isa = PBXBuildFile; fileRef = 2524B9BC298D8450005999D0 /* View+Extensions.swift */; };
		2524B9BF298D84F9005999D0 /* MainView.swift in Sources */ = {isa = PBXBuildFile; fileRef = 2524B9BE298D84F9005999D0 /* MainView.swift */; };
		2524B9C1298D88F4005999D0 /* ProfileView.swift in Sources */ = {isa = PBXBuildFile; fileRef = 2524B9C0298D88F4005999D0 /* ProfileView.swift */; };
		255B65EE29844FCA00A3546C /* SocialMediaApp.swift in Sources */ = {isa = PBXBuildFile; fileRef = 255B65ED29844FCA00A3546C /* SocialMediaApp.swift */; };
		255B65F029844FCA00A3546C /* ContentView.swift in Sources */ = {isa = PBXBuildFile; fileRef = 255B65EF29844FCA00A3546C /* ContentView.swift */; };
		255B65F229844FCC00A3546C /* Assets.xcassets in Resources */ = {isa = PBXBuildFile; fileRef = 255B65F129844FCC00A3546C /* Assets.xcassets */; };
		255B65F529844FCC00A3546C /* Preview Assets.xcassets in Resources */ = {isa = PBXBuildFile; fileRef = 255B65F429844FCC00A3546C /* Preview Assets.xcassets */; };
		255B65FC298453EA00A3546C /* GoogleService-Info.plist in Resources */ = {isa = PBXBuildFile; fileRef = 255B65FB298453EA00A3546C /* GoogleService-Info.plist */; };
		255B65FF298455BE00A3546C /* FirebaseAuth in Frameworks */ = {isa = PBXBuildFile; productRef = 255B65FE298455BE00A3546C /* FirebaseAuth */; };
		255B66032984561C00A3546C /* LoginView.swift in Sources */ = {isa = PBXBuildFile; fileRef = 255B66022984561C00A3546C /* LoginView.swift */; };
		259B4FDE29901517006677F7 /* ReusableProfileContent.swift in Sources */ = {isa = PBXBuildFile; fileRef = 259B4FDD29901517006677F7 /* ReusableProfileContent.swift */; };
		259B4FE1299017CA006677F7 /* SDWebImageSwiftUI in Frameworks */ = {isa = PBXBuildFile; productRef = 259B4FE0299017CA006677F7 /* SDWebImageSwiftUI */; };
		25DBC7F3299A4A7500550060 /* CreateNewPost.swift in Sources */ = {isa = PBXBuildFile; fileRef = 25DBC7F2299A4A7500550060 /* CreateNewPost.swift */; };
		25DBC7F5299A4BFF00550060 /* Post.swift in Sources */ = {isa = PBXBuildFile; fileRef = 25DBC7F4299A4BFF00550060 /* Post.swift */; };
		25DBC7F7299A8B2900550060 /* PostsView.swift in Sources */ = {isa = PBXBuildFile; fileRef = 25DBC7F6299A8B2900550060 /* PostsView.swift */; };
		25DBC7F9299AB3EC00550060 /* ReusablePostView.swift in Sources */ = {isa = PBXBuildFile; fileRef = 25DBC7F8299AB3EC00550060 /* ReusablePostView.swift */; };
		25EC8F3329A0D5C900197063 /* PostCardView.swift in Sources */ = {isa = PBXBuildFile; fileRef = 25EC8F3229A0D5C900197063 /* PostCardView.swift */; };
/* End PBXBuildFile section */

/* Begin PBXFileReference section */
		2524B9B3298963BD005999D0 /* User.swift */ = {isa = PBXFileReference; lastKnownFileType = sourcecode.swift; path = User.swift; sourceTree = "<group>"; };
		2524B9B5298C3B60005999D0 /* LoadingView.swift */ = {isa = PBXFileReference; lastKnownFileType = sourcecode.swift; path = LoadingView.swift; sourceTree = "<group>"; };
		2524B9B9298D824D005999D0 /* RegisterView.swift */ = {isa = PBXFileReference; lastKnownFileType = sourcecode.swift; path = RegisterView.swift; sourceTree = "<group>"; };
		2524B9BC298D8450005999D0 /* View+Extensions.swift */ = {isa = PBXFileReference; lastKnownFileType = sourcecode.swift; path = "View+Extensions.swift"; sourceTree = "<group>"; };
		2524B9BE298D84F9005999D0 /* MainView.swift */ = {isa = PBXFileReference; lastKnownFileType = sourcecode.swift; path = MainView.swift; sourceTree = "<group>"; };
		2524B9C0298D88F4005999D0 /* ProfileView.swift */ = {isa = PBXFileReference; lastKnownFileType = sourcecode.swift; path = ProfileView.swift; sourceTree = "<group>"; };
		255B65EA29844FCA00A3546C /* SocialMedia.app */ = {isa = PBXFileReference; explicitFileType = wrapper.application; includeInIndex = 0; path = SocialMedia.app; sourceTree = BUILT_PRODUCTS_DIR; };
		255B65ED29844FCA00A3546C /* SocialMediaApp.swift */ = {isa = PBXFileReference; lastKnownFileType = sourcecode.swift; path = SocialMediaApp.swift; sourceTree = "<group>"; };
		255B65EF29844FCA00A3546C /* ContentView.swift */ = {isa = PBXFileReference; lastKnownFileType = sourcecode.swift; path = ContentView.swift; sourceTree = "<group>"; };
		255B65F129844FCC00A3546C /* Assets.xcassets */ = {isa = PBXFileReference; lastKnownFileType = folder.assetcatalog; path = Assets.xcassets; sourceTree = "<group>"; };
		255B65F429844FCC00A3546C /* Preview Assets.xcassets */ = {isa = PBXFileReference; lastKnownFileType = folder.assetcatalog; path = "Preview Assets.xcassets"; sourceTree = "<group>"; };
		255B65FB298453EA00A3546C /* GoogleService-Info.plist */ = {isa = PBXFileReference; fileEncoding = 4; lastKnownFileType = text.plist.xml; path = "GoogleService-Info.plist"; sourceTree = "<group>"; };
		255B66022984561C00A3546C /* LoginView.swift */ = {isa = PBXFileReference; lastKnownFileType = sourcecode.swift; path = LoginView.swift; sourceTree = "<group>"; };
		259B4FDD29901517006677F7 /* ReusableProfileContent.swift */ = {isa = PBXFileReference; lastKnownFileType = sourcecode.swift; path = ReusableProfileContent.swift; sourceTree = "<group>"; };
		25DBC7F2299A4A7500550060 /* CreateNewPost.swift */ = {isa = PBXFileReference; lastKnownFileType = sourcecode.swift; path = CreateNewPost.swift; sourceTree = "<group>"; };
		25DBC7F4299A4BFF00550060 /* Post.swift */ = {isa = PBXFileReference; lastKnownFileType = sourcecode.swift; path = Post.swift; sourceTree = "<group>"; };
		25DBC7F6299A8B2900550060 /* PostsView.swift */ = {isa = PBXFileReference; lastKnownFileType = sourcecode.swift; path = PostsView.swift; sourceTree = "<group>"; };
		25DBC7F8299AB3EC00550060 /* ReusablePostView.swift */ = {isa = PBXFileReference; lastKnownFileType = sourcecode.swift; path = ReusablePostView.swift; sourceTree = "<group>"; };
		25EC8F3229A0D5C900197063 /* PostCardView.swift */ = {isa = PBXFileReference; lastKnownFileType = sourcecode.swift; path = PostCardView.swift; sourceTree = "<group>"; };
/* End PBXFileReference section */

/* Begin PBXFrameworksBuildPhase section */
		255B65E729844FCA00A3546C /* Frameworks */ = {
			isa = PBXFrameworksBuildPhase;
			buildActionMask = 2147483647;
			files = (
				259B4FE1299017CA006677F7 /* SDWebImageSwiftUI in Frameworks */,
				255B65FF298455BE00A3546C /* FirebaseAuth in Frameworks */,
				2524B9B2298845C2005999D0 /* FirebaseStorage in Frameworks */,
				2524B9AE298845C2005999D0 /* FirebaseFirestore in Frameworks */,
				2524B9B0298845C2005999D0 /* FirebaseFirestoreSwift in Frameworks */,
			);
			runOnlyForDeploymentPostprocessing = 0;
		};
/* End PBXFrameworksBuildPhase section */

/* Begin PBXGroup section */
		2524B9AC298845C2005999D0 /* Frameworks */ = {
			isa = PBXGroup;
			children = (
			);
			name = Frameworks;
			sourceTree = "<group>";
		};
		2524B9B7298D821D005999D0 /* Login */ = {
			isa = PBXGroup;
			children = (
				255B66022984561C00A3546C /* LoginView.swift */,
				2524B9B9298D824D005999D0 /* RegisterView.swift */,
			);
			path = Login;
			sourceTree = "<group>";
		};
		2524B9B8298D822B005999D0 /* MainView */ = {
			isa = PBXGroup;
			children = (
				2524B9BE298D84F9005999D0 /* MainView.swift */,
				2524B9C0298D88F4005999D0 /* ProfileView.swift */,
				259B4FDD29901517006677F7 /* ReusableProfileContent.swift */,
				25DBC7F2299A4A7500550060 /* CreateNewPost.swift */,
				25DBC7F6299A8B2900550060 /* PostsView.swift */,
				25DBC7F8299AB3EC00550060 /* ReusablePostView.swift */,
				25EC8F3229A0D5C900197063 /* PostCardView.swift */,
			);
			path = MainView;
			sourceTree = "<group>";
		};
		2524B9BB298D8436005999D0 /* Helpers */ = {
			isa = PBXGroup;
			children = (
				2524B9BC298D8450005999D0 /* View+Extensions.swift */,
			);
			path = Helpers;
			sourceTree = "<group>";
		};
		255B65E129844FCA00A3546C = {
			isa = PBXGroup;
			children = (
				255B65EC29844FCA00A3546C /* SocialMedia */,
				255B65EB29844FCA00A3546C /* Products */,
				2524B9AC298845C2005999D0 /* Frameworks */,
			);
			sourceTree = "<group>";
		};
		255B65EB29844FCA00A3546C /* Products */ = {
			isa = PBXGroup;
			children = (
				255B65EA29844FCA00A3546C /* SocialMedia.app */,
			);
			name = Products;
			sourceTree = "<group>";
		};
		255B65EC29844FCA00A3546C /* SocialMedia */ = {
			isa = PBXGroup;
			children = (
				255B6601298455FC00A3546C /* Model */,
				255B6600298455E400A3546C /* View */,
				255B65FB298453EA00A3546C /* GoogleService-Info.plist */,
				255B65ED29844FCA00A3546C /* SocialMediaApp.swift */,
				255B65EF29844FCA00A3546C /* ContentView.swift */,
				255B65F129844FCC00A3546C /* Assets.xcassets */,
				255B65F329844FCC00A3546C /* Preview Content */,
			);
			path = SocialMedia;
			sourceTree = "<group>";
		};
		255B65F329844FCC00A3546C /* Preview Content */ = {
			isa = PBXGroup;
			children = (
				255B65F429844FCC00A3546C /* Preview Assets.xcassets */,
			);
			path = "Preview Content";
			sourceTree = "<group>";
		};
		255B6600298455E400A3546C /* View */ = {
			isa = PBXGroup;
			children = (
				2524B9BB298D8436005999D0 /* Helpers */,
				2524B9B8298D822B005999D0 /* MainView */,
				2524B9B7298D821D005999D0 /* Login */,
				2524B9B5298C3B60005999D0 /* LoadingView.swift */,
			);
			path = View;
			sourceTree = "<group>";
		};
		255B6601298455FC00A3546C /* Model */ = {
			isa = PBXGroup;
			children = (
				2524B9B3298963BD005999D0 /* User.swift */,
				25DBC7F4299A4BFF00550060 /* Post.swift */,
			);
			path = Model;
			sourceTree = "<group>";
		};
/* End PBXGroup section */

/* Begin PBXNativeTarget section */
		255B65E929844FCA00A3546C /* SocialMedia */ = {
			isa = PBXNativeTarget;
			buildConfigurationList = 255B65F829844FCC00A3546C /* Build configuration list for PBXNativeTarget "SocialMedia" */;
			buildPhases = (
				255B65E629844FCA00A3546C /* Sources */,
				255B65E729844FCA00A3546C /* Frameworks */,
				255B65E829844FCA00A3546C /* Resources */,
			);
			buildRules = (
			);
			dependencies = (
			);
			name = SocialMedia;
			packageProductDependencies = (
				255B65FE298455BE00A3546C /* FirebaseAuth */,
				2524B9AD298845C2005999D0 /* FirebaseFirestore */,
				2524B9AF298845C2005999D0 /* FirebaseFirestoreSwift */,
				2524B9B1298845C2005999D0 /* FirebaseStorage */,
				259B4FE0299017CA006677F7 /* SDWebImageSwiftUI */,
			);
			productName = SocialMedia;
			productReference = 255B65EA29844FCA00A3546C /* SocialMedia.app */;
			productType = "com.apple.product-type.application";
		};
/* End PBXNativeTarget section */

/* Begin PBXProject section */
		255B65E229844FCA00A3546C /* Project object */ = {
			isa = PBXProject;
			attributes = {
				BuildIndependentTargetsInParallel = 1;
				LastSwiftUpdateCheck = 1420;
				LastUpgradeCheck = 1420;
				TargetAttributes = {
					255B65E929844FCA00A3546C = {
						CreatedOnToolsVersion = 14.2;
					};
				};
			};
			buildConfigurationList = 255B65E529844FCA00A3546C /* Build configuration list for PBXProject "SocialMedia" */;
			compatibilityVersion = "Xcode 14.0";
			developmentRegion = en;
			hasScannedForEncodings = 0;
			knownRegions = (
				en,
				Base,
			);
			mainGroup = 255B65E129844FCA00A3546C;
			packageReferences = (
				255B65FD298455BE00A3546C /* XCRemoteSwiftPackageReference "firebase-ios-sdk" */,
				259B4FDF299017CA006677F7 /* XCRemoteSwiftPackageReference "SDWebImageSwiftUI" */,
			);
			productRefGroup = 255B65EB29844FCA00A3546C /* Products */;
			projectDirPath = "";
			projectRoot = "";
			targets = (
				255B65E929844FCA00A3546C /* SocialMedia */,
			);
		};
/* End PBXProject section */

/* Begin PBXResourcesBuildPhase section */
		255B65E829844FCA00A3546C /* Resources */ = {
			isa = PBXResourcesBuildPhase;
			buildActionMask = 2147483647;
			files = (
				255B65F529844FCC00A3546C /* Preview Assets.xcassets in Resources */,
				255B65F229844FCC00A3546C /* Assets.xcassets in Resources */,
				255B65FC298453EA00A3546C /* GoogleService-Info.plist in Resources */,
			);
			runOnlyForDeploymentPostprocessing = 0;
		};
/* End PBXResourcesBuildPhase section */

/* Begin PBXSourcesBuildPhase section */
		255B65E629844FCA00A3546C /* Sources */ = {
			isa = PBXSourcesBuildPhase;
			buildActionMask = 2147483647;
			files = (
				2524B9B4298963BD005999D0 /* User.swift in Sources */,
				2524B9C1298D88F4005999D0 /* ProfileView.swift in Sources */,
				259B4FDE29901517006677F7 /* ReusableProfileContent.swift in Sources */,
				25DBC7F5299A4BFF00550060 /* Post.swift in Sources */,
				2524B9BF298D84F9005999D0 /* MainView.swift in Sources */,
				25DBC7F9299AB3EC00550060 /* ReusablePostView.swift in Sources */,
				255B66032984561C00A3546C /* LoginView.swift in Sources */,
				255B65F029844FCA00A3546C /* ContentView.swift in Sources */,
				2524B9BD298D8450005999D0 /* View+Extensions.swift in Sources */,
				25DBC7F3299A4A7500550060 /* CreateNewPost.swift in Sources */,
				25DBC7F7299A8B2900550060 /* PostsView.swift in Sources */,
				2524B9BA298D824D005999D0 /* RegisterView.swift in Sources */,
				25EC8F3329A0D5C900197063 /* PostCardView.swift in Sources */,
				2524B9B6298C3B61005999D0 /* LoadingView.swift in Sources */,
				255B65EE29844FCA00A3546C /* SocialMediaApp.swift in Sources */,
			);
			runOnlyForDeploymentPostprocessing = 0;
		};
/* End PBXSourcesBuildPhase section */

/* Begin XCBuildConfiguration section */
		255B65F629844FCC00A3546C /* Debug */ = {
			isa = XCBuildConfiguration;
			buildSettings = {
				ALWAYS_SEARCH_USER_PATHS = NO;
				CLANG_ANALYZER_NONNULL = YES;
				CLANG_ANALYZER_NUMBER_OBJECT_CONVERSION = YES_AGGRESSIVE;
				CLANG_CXX_LANGUAGE_STANDARD = "gnu++20";
				CLANG_ENABLE_MODULES = YES;
				CLANG_ENABLE_OBJC_ARC = YES;
				CLANG_ENABLE_OBJC_WEAK = YES;
				CLANG_WARN_BLOCK_CAPTURE_AUTORELEASING = YES;
				CLANG_WARN_BOOL_CONVERSION = YES;
				CLANG_WARN_COMMA = YES;
				CLANG_WARN_CONSTANT_CONVERSION = YES;
				CLANG_WARN_DEPRECATED_OBJC_IMPLEMENTATIONS = YES;
				CLANG_WARN_DIRECT_OBJC_ISA_USAGE = YES_ERROR;
				CLANG_WARN_DOCUMENTATION_COMMENTS = YES;
				CLANG_WARN_EMPTY_BODY = YES;
				CLANG_WARN_ENUM_CONVERSION = YES;
				CLANG_WARN_INFINITE_RECURSION = YES;
				CLANG_WARN_INT_CONVERSION = YES;
				CLANG_WARN_NON_LITERAL_NULL_CONVERSION = YES;
				CLANG_WARN_OBJC_IMPLICIT_RETAIN_SELF = YES;
				CLANG_WARN_OBJC_LITERAL_CONVERSION = YES;
				CLANG_WARN_OBJC_ROOT_CLASS = YES_ERROR;
				CLANG_WARN_QUOTED_INCLUDE_IN_FRAMEWORK_HEADER = YES;
				CLANG_WARN_RANGE_LOOP_ANALYSIS = YES;
				CLANG_WARN_STRICT_PROTOTYPES = YES;
				CLANG_WARN_SUSPICIOUS_MOVE = YES;
				CLANG_WARN_UNGUARDED_AVAILABILITY = YES_AGGRESSIVE;
				CLANG_WARN_UNREACHABLE_CODE = YES;
				CLANG_WARN__DUPLICATE_METHOD_MATCH = YES;
				COPY_PHASE_STRIP = NO;
				DEBUG_INFORMATION_FORMAT = dwarf;
				ENABLE_STRICT_OBJC_MSGSEND = YES;
				ENABLE_TESTABILITY = YES;
				GCC_C_LANGUAGE_STANDARD = gnu11;
				GCC_DYNAMIC_NO_PIC = NO;
				GCC_NO_COMMON_BLOCKS = YES;
				GCC_OPTIMIZATION_LEVEL = 0;
				GCC_PREPROCESSOR_DEFINITIONS = (
					"DEBUG=1",
					"$(inherited)",
				);
				GCC_WARN_64_TO_32_BIT_CONVERSION = YES;
				GCC_WARN_ABOUT_RETURN_TYPE = YES_ERROR;
				GCC_WARN_UNDECLARED_SELECTOR = YES;
				GCC_WARN_UNINITIALIZED_AUTOS = YES_AGGRESSIVE;
				GCC_WARN_UNUSED_FUNCTION = YES;
				GCC_WARN_UNUSED_VARIABLE = YES;
				IPHONEOS_DEPLOYMENT_TARGET = 16.2;
				MTL_ENABLE_DEBUG_INFO = INCLUDE_SOURCE;
				MTL_FAST_MATH = YES;
				ONLY_ACTIVE_ARCH = YES;
				SDKROOT = iphoneos;
				SWIFT_ACTIVE_COMPILATION_CONDITIONS = DEBUG;
				SWIFT_OPTIMIZATION_LEVEL = "-Onone";
			};
			name = Debug;
		};
		255B65F729844FCC00A3546C /* Release */ = {
			isa = XCBuildConfiguration;
			buildSettings = {
				ALWAYS_SEARCH_USER_PATHS = NO;
				CLANG_ANALYZER_NONNULL = YES;
				CLANG_ANALYZER_NUMBER_OBJECT_CONVERSION = YES_AGGRESSIVE;
				CLANG_CXX_LANGUAGE_STANDARD = "gnu++20";
				CLANG_ENABLE_MODULES = YES;
				CLANG_ENABLE_OBJC_ARC = YES;
				CLANG_ENABLE_OBJC_WEAK = YES;
				CLANG_WARN_BLOCK_CAPTURE_AUTORELEASING = YES;
				CLANG_WARN_BOOL_CONVERSION = YES;
				CLANG_WARN_COMMA = YES;
				CLANG_WARN_CONSTANT_CONVERSION = YES;
				CLANG_WARN_DEPRECATED_OBJC_IMPLEMENTATIONS = YES;
				CLANG_WARN_DIRECT_OBJC_ISA_USAGE = YES_ERROR;
				CLANG_WARN_DOCUMENTATION_COMMENTS = YES;
				CLANG_WARN_EMPTY_BODY = YES;
				CLANG_WARN_ENUM_CONVERSION = YES;
				CLANG_WARN_INFINITE_RECURSION = YES;
				CLANG_WARN_INT_CONVERSION = YES;
				CLANG_WARN_NON_LITERAL_NULL_CONVERSION = YES;
				CLANG_WARN_OBJC_IMPLICIT_RETAIN_SELF = YES;
				CLANG_WARN_OBJC_LITERAL_CONVERSION = YES;
				CLANG_WARN_OBJC_ROOT_CLASS = YES_ERROR;
				CLANG_WARN_QUOTED_INCLUDE_IN_FRAMEWORK_HEADER = YES;
				CLANG_WARN_RANGE_LOOP_ANALYSIS = YES;
				CLANG_WARN_STRICT_PROTOTYPES = YES;
				CLANG_WARN_SUSPICIOUS_MOVE = YES;
				CLANG_WARN_UNGUARDED_AVAILABILITY = YES_AGGRESSIVE;
				CLANG_WARN_UNREACHABLE_CODE = YES;
				CLANG_WARN__DUPLICATE_METHOD_MATCH = YES;
				COPY_PHASE_STRIP = NO;
				DEBUG_INFORMATION_FORMAT = "dwarf-with-dsym";
				ENABLE_NS_ASSERTIONS = NO;
				ENABLE_STRICT_OBJC_MSGSEND = YES;
				GCC_C_LANGUAGE_STANDARD = gnu11;
				GCC_NO_COMMON_BLOCKS = YES;
				GCC_WARN_64_TO_32_BIT_CONVERSION = YES;
				GCC_WARN_ABOUT_RETURN_TYPE = YES_ERROR;
				GCC_WARN_UNDECLARED_SELECTOR = YES;
				GCC_WARN_UNINITIALIZED_AUTOS = YES_AGGRESSIVE;
				GCC_WARN_UNUSED_FUNCTION = YES;
				GCC_WARN_UNUSED_VARIABLE = YES;
				IPHONEOS_DEPLOYMENT_TARGET = 16.2;
				MTL_ENABLE_DEBUG_INFO = NO;
				MTL_FAST_MATH = YES;
				SDKROOT = iphoneos;
				SWIFT_COMPILATION_MODE = wholemodule;
				SWIFT_OPTIMIZATION_LEVEL = "-O";
				VALIDATE_PRODUCT = YES;
			};
			name = Release;
		};
		255B65F929844FCC00A3546C /* Debug */ = {
			isa = XCBuildConfiguration;
			buildSettings = {
				ASSETCATALOG_COMPILER_APPICON_NAME = AppIcon;
				ASSETCATALOG_COMPILER_GLOBAL_ACCENT_COLOR_NAME = AccentColor;
				CODE_SIGN_STYLE = Automatic;
				CURRENT_PROJECT_VERSION = 1;
				DEVELOPMENT_ASSET_PATHS = "\"SocialMedia/Preview Content\"";
				DEVELOPMENT_TEAM = 5LG9W4LANW;
				ENABLE_PREVIEWS = YES;
				GENERATE_INFOPLIST_FILE = YES;
				INFOPLIST_KEY_CFBundleDisplayName = Scrolly;
				INFOPLIST_KEY_UIApplicationSceneManifest_Generation = YES;
				INFOPLIST_KEY_UIApplicationSupportsIndirectInputEvents = YES;
				INFOPLIST_KEY_UILaunchScreen_Generation = YES;
				INFOPLIST_KEY_UISupportedInterfaceOrientations_iPad = "UIInterfaceOrientationPortrait UIInterfaceOrientationPortraitUpsideDown UIInterfaceOrientationLandscapeLeft UIInterfaceOrientationLandscapeRight";
				INFOPLIST_KEY_UISupportedInterfaceOrientations_iPhone = "UIInterfaceOrientationPortrait UIInterfaceOrientationLandscapeLeft UIInterfaceOrientationLandscapeRight";
				IPHONEOS_DEPLOYMENT_TARGET = 16.0;
				LD_RUNPATH_SEARCH_PATHS = (
					"$(inherited)",
					"@executable_path/Frameworks",
				);
				MARKETING_VERSION = 1.0;
				PRODUCT_BUNDLE_IDENTIFIER = com.personal.SocialMedia;
				PRODUCT_NAME = "$(TARGET_NAME)";
				SUPPORTED_PLATFORMS = "iphoneos iphonesimulator";
				SUPPORTS_MACCATALYST = NO;
				SUPPORTS_MAC_DESIGNED_FOR_IPHONE_IPAD = NO;
				SWIFT_EMIT_LOC_STRINGS = YES;
				SWIFT_VERSION = 5.0;
				TARGETED_DEVICE_FAMILY = "1,2";
			};
			name = Debug;
		};
		255B65FA29844FCC00A3546C /* Release */ = {
			isa = XCBuildConfiguration;
			buildSettings = {
				ASSETCATALOG_COMPILER_APPICON_NAME = AppIcon;
				ASSETCATALOG_COMPILER_GLOBAL_ACCENT_COLOR_NAME = AccentColor;
				CODE_SIGN_STYLE = Automatic;
				CURRENT_PROJECT_VERSION = 1;
				DEVELOPMENT_ASSET_PATHS = "\"SocialMedia/Preview Content\"";
				DEVELOPMENT_TEAM = 5LG9W4LANW;
				ENABLE_PREVIEWS = YES;
				GENERATE_INFOPLIST_FILE = YES;
				INFOPLIST_KEY_CFBundleDisplayName = Scrolly;
				INFOPLIST_KEY_UIApplicationSceneManifest_Generation = YES;
				INFOPLIST_KEY_UIApplicationSupportsIndirectInputEvents = YES;
				INFOPLIST_KEY_UILaunchScreen_Generation = YES;
				INFOPLIST_KEY_UISupportedInterfaceOrientations_iPad = "UIInterfaceOrientationPortrait UIInterfaceOrientationPortraitUpsideDown UIInterfaceOrientationLandscapeLeft UIInterfaceOrientationLandscapeRight";
				INFOPLIST_KEY_UISupportedInterfaceOrientations_iPhone = "UIInterfaceOrientationPortrait UIInterfaceOrientationLandscapeLeft UIInterfaceOrientationLandscapeRight";
				IPHONEOS_DEPLOYMENT_TARGET = 16.0;
				LD_RUNPATH_SEARCH_PATHS = (
					"$(inherited)",
					"@executable_path/Frameworks",
				);
				MARKETING_VERSION = 1.0;
				PRODUCT_BUNDLE_IDENTIFIER = com.personal.SocialMedia;
				PRODUCT_NAME = "$(TARGET_NAME)";
				SUPPORTED_PLATFORMS = "iphoneos iphonesimulator";
				SUPPORTS_MACCATALYST = NO;
				SUPPORTS_MAC_DESIGNED_FOR_IPHONE_IPAD = NO;
				SWIFT_EMIT_LOC_STRINGS = YES;
				SWIFT_VERSION = 5.0;
				TARGETED_DEVICE_FAMILY = "1,2";
			};
			name = Release;
		};
/* End XCBuildConfiguration section */

/* Begin XCConfigurationList section */
		255B65E529844FCA00A3546C /* Build configuration list for PBXProject "SocialMedia" */ = {
			isa = XCConfigurationList;
			buildConfigurations = (
				255B65F629844FCC00A3546C /* Debug */,
				255B65F729844FCC00A3546C /* Release */,
			);
			defaultConfigurationIsVisible = 0;
			defaultConfigurationName = Release;
		};
		255B65F829844FCC00A3546C /* Build configuration list for PBXNativeTarget "SocialMedia" */ = {
			isa = XCConfigurationList;
			buildConfigurations = (
				255B65F929844FCC00A3546C /* Debug */,
				255B65FA29844FCC00A3546C /* Release */,
			);
			defaultConfigurationIsVisible = 0;
			defaultConfigurationName = Release;
		};
/* End XCConfigurationList section */

/* Begin XCRemoteSwiftPackageReference section */
		255B65FD298455BE00A3546C /* XCRemoteSwiftPackageReference "firebase-ios-sdk" */ = {
			isa = XCRemoteSwiftPackageReference;
			repositoryURL = "https://github.com/firebase/firebase-ios-sdk";
			requirement = {
				branch = master;
				kind = branch;
			};
		};
		259B4FDF299017CA006677F7 /* XCRemoteSwiftPackageReference "SDWebImageSwiftUI" */ = {
			isa = XCRemoteSwiftPackageReference;
			repositoryURL = "https://github.com/SDWebImage/SDWebImageSwiftUI";
			requirement = {
				kind = upToNextMajorVersion;
				minimumVersion = 2.0.0;
			};
		};
/* End XCRemoteSwiftPackageReference section */

/* Begin XCSwiftPackageProductDependency section */
		2524B9AD298845C2005999D0 /* FirebaseFirestore */ = {
			isa = XCSwiftPackageProductDependency;
			package = 255B65FD298455BE00A3546C /* XCRemoteSwiftPackageReference "firebase-ios-sdk" */;
			productName = FirebaseFirestore;
		};
		2524B9AF298845C2005999D0 /* FirebaseFirestoreSwift */ = {
			isa = XCSwiftPackageProductDependency;
			package = 255B65FD298455BE00A3546C /* XCRemoteSwiftPackageReference "firebase-ios-sdk" */;
			productName = FirebaseFirestoreSwift;
		};
		2524B9B1298845C2005999D0 /* FirebaseStorage */ = {
			isa = XCSwiftPackageProductDependency;
			package = 255B65FD298455BE00A3546C /* XCRemoteSwiftPackageReference "firebase-ios-sdk" */;
			productName = FirebaseStorage;
		};
		255B65FE298455BE00A3546C /* FirebaseAuth */ = {
			isa = XCSwiftPackageProductDependency;
			package = 255B65FD298455BE00A3546C /* XCRemoteSwiftPackageReference "firebase-ios-sdk" */;
			productName = FirebaseAuth;
		};
		259B4FE0299017CA006677F7 /* SDWebImageSwiftUI */ = {
			isa = XCSwiftPackageProductDependency;
			package = 259B4FDF299017CA006677F7 /* XCRemoteSwiftPackageReference "SDWebImageSwiftUI" */;
			productName = SDWebImageSwiftUI;
		};
/* End XCSwiftPackageProductDependency section */
	};
	rootObject = 255B65E229844FCA00A3546C /* Project object */;
}
